
Microsoft Visual Studio Solution File, Format Version 12.00
# Visual Studio Version 17
VisualStudioVersion = 17.10.34928.147
MinimumVisualStudioVersion = 10.0.40219.1
Project("{FAE04EC0-301F-11D3-BF4B-00C04F79EFBC}") = "linq2", "linq2\linq2.csproj", "{AA904C82-11CE-4D44-AB37-F647333A3CF8}"
EndProject
Global
	GlobalSection(SolutionConfigurationPlatforms) = preSolution
		Debug|Any CPU = Debug|Any CPU
		Release|Any CPU = Release|Any CPU
	EndGlobalSection
	GlobalSection(ProjectConfigurationPlatforms) = postSolution
		{AA904C82-11CE-4D44-AB37-F647333A3CF8}.Debug|Any CPU.ActiveCfg = Debug|Any CPU
		{AA904C82-11CE-4D44-AB37-F647333A3CF8}.Debug|Any CPU.Build.0 = Debug|Any CPU
		{AA904C82-11CE-4D44-AB37-F647333A3CF8}.Release|Any CPU.ActiveCfg = Release|Any CPU
		{AA904C82-11CE-4D44-AB37-F647333A3CF8}.Release|Any CPU.Build.0 = Release|Any CPU
	EndGlobalSection
	GlobalSection(SolutionProperties) = preSolution
		HideSolutionNode = FALSE
	EndGlobalSection
	GlobalSection(ExtensibilityGlobals) = postSolution
		SolutionGuid = {C1110058-265E-4957-9567-4E13A5660C8F}
	EndGlobalSection
EndGlobal
